// !$*UTF8*$!
{
	archiveVersion = 1;
	classes = {
	};
	objectVersion = 56;
	objects = {

/* Begin PBXBuildFile section */
		98E429C82A825ED300F33A0B /* AppDelegate.swift in Sources */ = {isa = PBXBuildFile; fileRef = 98E429C72A825ED300F33A0B /* AppDelegate.swift */; };
		98E429CA2A825ED300F33A0B /* SceneDelegate.swift in Sources */ = {isa = PBXBuildFile; fileRef = 98E429C92A825ED300F33A0B /* SceneDelegate.swift */; };
		98E429CC2A825ED300F33A0B /* ViewController.swift in Sources */ = {isa = PBXBuildFile; fileRef = 98E429CB2A825ED300F33A0B /* ViewController.swift */; };
		98E429CF2A825ED300F33A0B /* Main.storyboard in Resources */ = {isa = PBXBuildFile; fileRef = 98E429CD2A825ED300F33A0B /* Main.storyboard */; };
		98E429D12A825ED500F33A0B /* Assets.xcassets in Resources */ = {isa = PBXBuildFile; fileRef = 98E429D02A825ED500F33A0B /* Assets.xcassets */; };
		98E429D42A825ED500F33A0B /* LaunchScreen.storyboard in Resources */ = {isa = PBXBuildFile; fileRef = 98E429D22A825ED500F33A0B /* LaunchScreen.storyboard */; };
		98E429E02A82605100F33A0B /* SDK.swift in Sources */ = {isa = PBXBuildFile; fileRef = 98E429DF2A82605100F33A0B /* SDK.swift */; };
		98E429E32A8262BB00F33A0B /* CustomFramework in Frameworks */ = {isa = PBXBuildFile; productRef = 98E429E22A8262BB00F33A0B /* CustomFramework */; };
/* End PBXBuildFile section */

/* Begin PBXFileReference section */
		98E429C42A825ED300F33A0B /* CustomFrameworkProject.app */ = {isa = PBXFileReference; explicitFileType = wrapper.application; includeInIndex = 0; path = CustomFrameworkProject.app; sourceTree = BUILT_PRODUCTS_DIR; };
		98E429C72A825ED300F33A0B /* AppDelegate.swift */ = {isa = PBXFileReference; lastKnownFileType = sourcecode.swift; path = AppDelegate.swift; sourceTree = "<group>"; };
		98E429C92A825ED300F33A0B /* SceneDelegate.swift */ = {isa = PBXFileReference; lastKnownFileType = sourcecode.swift; path = SceneDelegate.swift; sourceTree = "<group>"; };
		98E429CB2A825ED300F33A0B /* ViewController.swift */ = {isa = PBXFileReference; lastKnownFileType = sourcecode.swift; path = ViewController.swift; sourceTree = "<group>"; };
		98E429CE2A825ED300F33A0B /* Base */ = {isa = PBXFileReference; lastKnownFileType = file.storyboard; name = Base; path = Base.lproj/Main.storyboard; sourceTree = "<group>"; };
		98E429D02A825ED500F33A0B /* Assets.xcassets */ = {isa = PBXFileReference; lastKnownFileType = folder.assetcatalog; path = Assets.xcassets; sourceTree = "<group>"; };
		98E429D32A825ED500F33A0B /* Base */ = {isa = PBXFileReference; lastKnownFileType = file.storyboard; name = Base; path = Base.lproj/LaunchScreen.storyboard; sourceTree = "<group>"; };
		98E429D52A825ED500F33A0B /* Info.plist */ = {isa = PBXFileReference; lastKnownFileType = text.plist.xml; path = Info.plist; sourceTree = "<group>"; };
		98E429DF2A82605100F33A0B /* SDK.swift */ = {isa = PBXFileReference; fileEncoding = 4; lastKnownFileType = sourcecode.swift; path = SDK.swift; sourceTree = "<group>"; };
/* End PBXFileReference section */

/* Begin PBXFrameworksBuildPhase section */
		98E429C12A825ED300F33A0B /* Frameworks */ = {
			isa = PBXFrameworksBuildPhase;
			buildActionMask = 2147483647;
			files = (
				98E429E32A8262BB00F33A0B /* CustomFramework in Frameworks */,
			);
			runOnlyForDeploymentPostprocessing = 0;
		};
/* End PBXFrameworksBuildPhase section */

/* Begin PBXGroup section */
		98E429BB2A825ED300F33A0B = {
			isa = PBXGroup;
			children = (
				98E429C62A825ED300F33A0B /* CustomFrameworkProject */,
				98E429C52A825ED300F33A0B /* Products */,
			);
			sourceTree = "<group>";
		};
		98E429C52A825ED300F33A0B /* Products */ = {
			isa = PBXGroup;
			children = (
				98E429C42A825ED300F33A0B /* CustomFrameworkProject.app */,
			);
			name = Products;
			sourceTree = "<group>";
		};
		98E429C62A825ED300F33A0B /* CustomFrameworkProject */ = {
			isa = PBXGroup;
			children = (
				98E429C72A825ED300F33A0B /* AppDelegate.swift */,
				98E429C92A825ED300F33A0B /* SceneDelegate.swift */,
				98E429DF2A82605100F33A0B /* SDK.swift */,
				98E429CB2A825ED300F33A0B /* ViewController.swift */,
				98E429CD2A825ED300F33A0B /* Main.storyboard */,
				98E429D02A825ED500F33A0B /* Assets.xcassets */,
				98E429D22A825ED500F33A0B /* LaunchScreen.storyboard */,
				98E429D52A825ED500F33A0B /* Info.plist */,
			);
			path = CustomFrameworkProject;
			sourceTree = "<group>";
		};
/* End PBXGroup section */

/* Begin PBXNativeTarget section */
		98E429C32A825ED300F33A0B /* CustomFrameworkProject */ = {
			isa = PBXNativeTarget;
			buildConfigurationList = 98E429D82A825ED500F33A0B /* Build configuration list for PBXNativeTarget "CustomFrameworkProject" */;
			buildPhases = (
				98E429C02A825ED300F33A0B /* Sources */,
				98E429C12A825ED300F33A0B /* Frameworks */,
				98E429C22A825ED300F33A0B /* Resources */,
			);
			buildRules = (
			);
			dependencies = (
			);
			name = CustomFrameworkProject;
			packageProductDependencies = (
				98E429E22A8262BB00F33A0B /* CustomFramework */,
			);
			productName = CustomFrameworkProject;
			productReference = 98E429C42A825ED300F33A0B /* CustomFrameworkProject.app */;
			productType = "com.apple.product-type.application";
		};
/* End PBXNativeTarget section */

/* Begin PBXProject section */
		98E429BC2A825ED300F33A0B /* Project object */ = {
			isa = PBXProject;
			attributes = {
				BuildIndependentTargetsInParallel = 1;
				LastSwiftUpdateCheck = 1430;
				LastUpgradeCheck = 1430;
				TargetAttributes = {
					98E429C32A825ED300F33A0B = {
						CreatedOnToolsVersion = 14.3.1;
					};
				};
			};
			buildConfigurationList = 98E429BF2A825ED300F33A0B /* Build configuration list for PBXProject "CustomFrameworkProject" */;
			compatibilityVersion = "Xcode 14.0";
			developmentRegion = en;
			hasScannedForEncodings = 0;
			knownRegions = (
				en,
				Base,
			);
			mainGroup = 98E429BB2A825ED300F33A0B;
			packageReferences = (
				98E429E12A8262BB00F33A0B /* XCRemoteSwiftPackageReference "CustomFramework" */,
			);
			productRefGroup = 98E429C52A825ED300F33A0B /* Products */;
			projectDirPath = "";
			projectRoot = "";
			targets = (
				98E429C32A825ED300F33A0B /* CustomFrameworkProject */,
			);
		};
/* End PBXProject section */

/* Begin PBXResourcesBuildPhase section */
		98E429C22A825ED300F33A0B /* Resources */ = {
			isa = PBXResourcesBuildPhase;
			buildActionMask = 2147483647;
			files = (
				98E429D42A825ED500F33A0B /* LaunchScreen.storyboard in Resources */,
				98E429D12A825ED500F33A0B /* Assets.xcassets in Resources */,
				98E429CF2A825ED300F33A0B /* Main.storyboard in Resources */,
			);
			runOnlyForDeploymentPostprocessing = 0;
		};
/* End PBXResourcesBuildPhase section */

/* Begin PBXSourcesBuildPhase section */
		98E429C02A825ED300F33A0B /* Sources */ = {
			isa = PBXSourcesBuildPhase;
			buildActionMask = 2147483647;
			files = (
				98E429CC2A825ED300F33A0B /* ViewController.swift in Sources */,
				98E429C82A825ED300F33A0B /* AppDelegate.swift in Sources */,
				98E429E02A82605100F33A0B /* SDK.swift in Sources */,
				98E429CA2A825ED300F33A0B /* SceneDelegate.swift in Sources */,
			);
			runOnlyForDeploymentPostprocessing = 0;
		};
/* End PBXSourcesBuildPhase section */

/* Begin PBXVariantGroup section */
		98E429CD2A825ED300F33A0B /* Main.storyboard */ = {
			isa = PBXVariantGroup;
			children = (
				98E429CE2A825ED300F33A0B /* Base */,
			);
			name = Main.storyboard;
			sourceTree = "<group>";
		};
		98E429D22A825ED500F33A0B /* LaunchScreen.storyboard */ = {
			isa = PBXVariantGroup;
			children = (
				98E429D32A825ED500F33A0B /* Base */,
			);
			name = LaunchScreen.storyboard;
			sourceTree = "<group>";
		};
/* End PBXVariantGroup section */

/* Begin XCBuildConfiguration section */
		98E429D62A825ED500F33A0B /* Debug */ = {
			isa = XCBuildConfiguration;
			buildSettings = {
				ALWAYS_SEARCH_USER_PATHS = NO;
				CLANG_ANALYZER_NONNULL = YES;
				CLANG_ANALYZER_NUMBER_OBJECT_CONVERSION = YES_AGGRESSIVE;
				CLANG_CXX_LANGUAGE_STANDARD = "gnu++20";
				CLANG_ENABLE_MODULES = YES;
				CLANG_ENABLE_OBJC_ARC = YES;
				CLANG_ENABLE_OBJC_WEAK = YES;
				CLANG_WARN_BLOCK_CAPTURE_AUTORELEASING = YES;
				CLANG_WARN_BOOL_CONVERSION = YES;
				CLANG_WARN_COMMA = YES;
				CLANG_WARN_CONSTANT_CONVERSION = YES;
				CLANG_WARN_DEPRECATED_OBJC_IMPLEMENTATIONS = YES;
				CLANG_WARN_DIRECT_OBJC_ISA_USAGE = YES_ERROR;
				CLANG_WARN_DOCUMENTATION_COMMENTS = YES;
				CLANG_WARN_EMPTY_BODY = YES;
				CLANG_WARN_ENUM_CONVERSION = YES;
				CLANG_WARN_INFINITE_RECURSION = YES;
				CLANG_WARN_INT_CONVERSION = YES;
				CLANG_WARN_NON_LITERAL_NULL_CONVERSION = YES;
				CLANG_WARN_OBJC_IMPLICIT_RETAIN_SELF = YES;
				CLANG_WARN_OBJC_LITERAL_CONVERSION = YES;
				CLANG_WARN_OBJC_ROOT_CLASS = YES_ERROR;
				CLANG_WARN_QUOTED_INCLUDE_IN_FRAMEWORK_HEADER = YES;
				CLANG_WARN_RANGE_LOOP_ANALYSIS = YES;
				CLANG_WARN_STRICT_PROTOTYPES = YES;
				CLANG_WARN_SUSPICIOUS_MOVE = YES;
				CLANG_WARN_UNGUARDED_AVAILABILITY = YES_AGGRESSIVE;
				CLANG_WARN_UNREACHABLE_CODE = YES;
				CLANG_WARN__DUPLICATE_METHOD_MATCH = YES;
				COPY_PHASE_STRIP = NO;
				DEBUG_INFORMATION_FORMAT = dwarf;
				ENABLE_STRICT_OBJC_MSGSEND = YES;
				ENABLE_TESTABILITY = YES;
				GCC_C_LANGUAGE_STANDARD = gnu11;
				GCC_DYNAMIC_NO_PIC = NO;
				GCC_NO_COMMON_BLOCKS = YES;
				GCC_OPTIMIZATION_LEVEL = 0;
				GCC_PREPROCESSOR_DEFINITIONS = (
					"DEBUG=1",
					"$(inherited)",
				);
				GCC_WARN_64_TO_32_BIT_CONVERSION = YES;
				GCC_WARN_ABOUT_RETURN_TYPE = YES_ERROR;
				GCC_WARN_UNDECLARED_SELECTOR = YES;
				GCC_WARN_UNINITIALIZED_AUTOS = YES_AGGRESSIVE;
				GCC_WARN_UNUSED_FUNCTION = YES;
				GCC_WARN_UNUSED_VARIABLE = YES;
				IPHONEOS_DEPLOYMENT_TARGET = 16.4;
				MTL_ENABLE_DEBUG_INFO = INCLUDE_SOURCE;
				MTL_FAST_MATH = YES;
				ONLY_ACTIVE_ARCH = YES;
				SDKROOT = iphoneos;
				SWIFT_ACTIVE_COMPILATION_CONDITIONS = DEBUG;
				SWIFT_OPTIMIZATION_LEVEL = "-Onone";
			};
			name = Debug;
		};
		98E429D72A825ED500F33A0B /* Release */ = {
			isa = XCBuildConfiguration;
			buildSettings = {
				ALWAYS_SEARCH_USER_PATHS = NO;
				CLANG_ANALYZER_NONNULL = YES;
				CLANG_ANALYZER_NUMBER_OBJECT_CONVERSION = YES_AGGRESSIVE;
				CLANG_CXX_LANGUAGE_STANDARD = "gnu++20";
				CLANG_ENABLE_MODULES = YES;
				CLANG_ENABLE_OBJC_ARC = YES;
				CLANG_ENABLE_OBJC_WEAK = YES;
				CLANG_WARN_BLOCK_CAPTURE_AUTORELEASING = YES;
				CLANG_WARN_BOOL_CONVERSION = YES;
				CLANG_WARN_COMMA = YES;
				CLANG_WARN_CONSTANT_CONVERSION = YES;
				CLANG_WARN_DEPRECATED_OBJC_IMPLEMENTATIONS = YES;
				CLANG_WARN_DIRECT_OBJC_ISA_USAGE = YES_ERROR;
				CLANG_WARN_DOCUMENTATION_COMMENTS = YES;
				CLANG_WARN_EMPTY_BODY = YES;
				CLANG_WARN_ENUM_CONVERSION = YES;
				CLANG_WARN_INFINITE_RECURSION = YES;
				CLANG_WARN_INT_CONVERSION = YES;
				CLANG_WARN_NON_LITERAL_NULL_CONVERSION = YES;
				CLANG_WARN_OBJC_IMPLICIT_RETAIN_SELF = YES;
				CLANG_WARN_OBJC_LITERAL_CONVERSION = YES;
				CLANG_WARN_OBJC_ROOT_CLASS = YES_ERROR;
				CLANG_WARN_QUOTED_INCLUDE_IN_FRAMEWORK_HEADER = YES;
				CLANG_WARN_RANGE_LOOP_ANALYSIS = YES;
				CLANG_WARN_STRICT_PROTOTYPES = YES;
				CLANG_WARN_SUSPICIOUS_MOVE = YES;
				CLANG_WARN_UNGUARDED_AVAILABILITY = YES_AGGRESSIVE;
				CLANG_WARN_UNREACHABLE_CODE = YES;
				CLANG_WARN__DUPLICATE_METHOD_MATCH = YES;
				COPY_PHASE_STRIP = NO;
				DEBUG_INFORMATION_FORMAT = "dwarf-with-dsym";
				ENABLE_NS_ASSERTIONS = NO;
				ENABLE_STRICT_OBJC_MSGSEND = YES;
				GCC_C_LANGUAGE_STANDARD = gnu11;
				GCC_NO_COMMON_BLOCKS = YES;
				GCC_WARN_64_TO_32_BIT_CONVERSION = YES;
				GCC_WARN_ABOUT_RETURN_TYPE = YES_ERROR;
				GCC_WARN_UNDECLARED_SELECTOR = YES;
				GCC_WARN_UNINITIALIZED_AUTOS = YES_AGGRESSIVE;
				GCC_WARN_UNUSED_FUNCTION = YES;
				GCC_WARN_UNUSED_VARIABLE = YES;
				IPHONEOS_DEPLOYMENT_TARGET = 16.4;
				MTL_ENABLE_DEBUG_INFO = NO;
				MTL_FAST_MATH = YES;
				SDKROOT = iphoneos;
				SWIFT_COMPILATION_MODE = wholemodule;
				SWIFT_OPTIMIZATION_LEVEL = "-O";
				VALIDATE_PRODUCT = YES;
			};
			name = Release;
		};
		98E429D92A825ED500F33A0B /* Debug */ = {
			isa = XCBuildConfiguration;
			buildSettings = {
				ASSETCATALOG_COMPILER_APPICON_NAME = AppIcon;
				ASSETCATALOG_COMPILER_GLOBAL_ACCENT_COLOR_NAME = AccentColor;
				CODE_SIGN_STYLE = Automatic;
				CURRENT_PROJECT_VERSION = 1;
				DEVELOPMENT_TEAM = 53TD8KM6VA;
				GENERATE_INFOPLIST_FILE = YES;
				INFOPLIST_FILE = CustomFrameworkProject/Info.plist;
				INFOPLIST_KEY_UIApplicationSupportsIndirectInputEvents = YES;
				INFOPLIST_KEY_UILaunchStoryboardName = LaunchScreen;
				INFOPLIST_KEY_UIMainStoryboardFile = Main;
				INFOPLIST_KEY_UISupportedInterfaceOrientations_iPad = "UIInterfaceOrientationPortrait UIInterfaceOrientationPortraitUpsideDown UIInterfaceOrientationLandscapeLeft UIInterfaceOrientationLandscapeRight";
				INFOPLIST_KEY_UISupportedInterfaceOrientations_iPhone = "UIInterfaceOrientationPortrait UIInterfaceOrientationLandscapeLeft UIInterfaceOrientationLandscapeRight";
				LD_RUNPATH_SEARCH_PATHS = (
					"$(inherited)",
					"@executable_path/Frameworks",
				);
				MARKETING_VERSION = 1.0;
				PRODUCT_BUNDLE_IDENTIFIER = com.ankitpanwar.CustomFrameworkProject;
				PRODUCT_NAME = "$(TARGET_NAME)";
				SWIFT_EMIT_LOC_STRINGS = YES;
				SWIFT_VERSION = 5.0;
				TARGETED_DEVICE_FAMILY = "1,2";
			};
			name = Debug;
		};
		98E429DA2A825ED500F33A0B /* Release */ = {
			isa = XCBuildConfiguration;
			buildSettings = {
				ASSETCATALOG_COMPILER_APPICON_NAME = AppIcon;
				ASSETCATALOG_COMPILER_GLOBAL_ACCENT_COLOR_NAME = AccentColor;
				CODE_SIGN_STYLE = Automatic;
				CURRENT_PROJECT_VERSION = 1;
				DEVELOPMENT_TEAM = 53TD8KM6VA;
				GENERATE_INFOPLIST_FILE = YES;
				INFOPLIST_FILE = CustomFrameworkProject/Info.plist;
				INFOPLIST_KEY_UIApplicationSupportsIndirectInputEvents = YES;
				INFOPLIST_KEY_UILaunchStoryboardName = LaunchScreen;
				INFOPLIST_KEY_UIMainStoryboardFile = Main;
				INFOPLIST_KEY_UISupportedInterfaceOrientations_iPad = "UIInterfaceOrientationPortrait UIInterfaceOrientationPortraitUpsideDown UIInterfaceOrientationLandscapeLeft UIInterfaceOrientationLandscapeRight";
				INFOPLIST_KEY_UISupportedInterfaceOrientations_iPhone = "UIInterfaceOrientationPortrait UIInterfaceOrientationLandscapeLeft UIInterfaceOrientationLandscapeRight";
				LD_RUNPATH_SEARCH_PATHS = (
					"$(inherited)",
					"@executable_path/Frameworks",
				);
				MARKETING_VERSION = 1.0;
				PRODUCT_BUNDLE_IDENTIFIER = com.ankitpanwar.CustomFrameworkProject;
				PRODUCT_NAME = "$(TARGET_NAME)";
				SWIFT_EMIT_LOC_STRINGS = YES;
				SWIFT_VERSION = 5.0;
				TARGETED_DEVICE_FAMILY = "1,2";
			};
			name = Release;
		};
/* End XCBuildConfiguration section */

/* Begin XCConfigurationList section */
		98E429BF2A825ED300F33A0B /* Build configuration list for PBXProject "CustomFrameworkProject" */ = {
			isa = XCConfigurationList;
			buildConfigurations = (
				98E429D62A825ED500F33A0B /* Debug */,
				98E429D72A825ED500F33A0B /* Release */,
			);
			defaultConfigurationIsVisible = 0;
			defaultConfigurationName = Release;
		};
		98E429D82A825ED500F33A0B /* Build configuration list for PBXNativeTarget "CustomFrameworkProject" */ = {
			isa = XCConfigurationList;
			buildConfigurations = (
				98E429D92A825ED500F33A0B /* Debug */,
				98E429DA2A825ED500F33A0B /* Release */,
			);
			defaultConfigurationIsVisible = 0;
			defaultConfigurationName = Release;
		};
/* End XCConfigurationList section */

/* Begin XCRemoteSwiftPackageReference section */
		98E429E12A8262BB00F33A0B /* XCRemoteSwiftPackageReference "CustomFramework" */ = {
			isa = XCRemoteSwiftPackageReference;
			repositoryURL = "https://github.com/ankitpanwar01/CustomFramework.git";
			requirement = {
				kind = upToNextMajorVersion;
				minimumVersion = 0.0.1;
			};
		};
/* End XCRemoteSwiftPackageReference section */

/* Begin XCSwiftPackageProductDependency section */
		98E429E22A8262BB00F33A0B /* CustomFramework */ = {
			isa = XCSwiftPackageProductDependency;
			package = 98E429E12A8262BB00F33A0B /* XCRemoteSwiftPackageReference "CustomFramework" */;
			productName = CustomFramework;
		};
/* End XCSwiftPackageProductDependency section */
	};
	rootObject = 98E429BC2A825ED300F33A0B /* Project object */;
}
